{
  "name": "QQMusic",
  "version": "1.0.0",
  "lockfileVersion": 1,
  "requires": true,
  "dependencies": {
    "abbrev": {
      "version": "1.1.1",
      "resolved": "https://registry.npmjs.org/abbrev/-/abbrev-1.1.1.tgz",
      "integrity": "sha512-nne9/IiQ/hzIhY6pdDnbBtz7DjPTKrY00P/zvPSm5pOFkl6xuGrGnXn/VtTNNfNtAfZ9/1RtehkszU9qcTii0Q=="
    },
    "jquery": {
      "version": "3.2.1",
      "resolved": "https://registry.npmjs.org/jquery/-/jquery-3.2.1.tgz",
      "integrity": "sha1-XE2d5lKvbNCncBVKYxu6ErAVx4c="
    },
    "jquery.js": {
      "version": "0.0.2-security",
      "resolved": "https://registry.npmjs.org/jquery.js/-/jquery.js-0.0.2-security.tgz",
      "integrity": "sha512-ezUV4Jx39k9jyZjKQEkvno0JDSICSixlXEEJP7QlH2g0FS+nPinvunuI2sWHTikXq6fr44JOgEnCAIsfLZufcg=="
    },
    "nopt": {
      "version": "1.0.10",
      "resolved": "https://registry.npmjs.org/nopt/-/nopt-1.0.10.tgz",
      "integrity": "sha1-bd0hvSoxQXuScn3Vhfim83YI6+4=",
      "requires": {
        "abbrev": "1.1.1"
      }
    },
    "touch": {
      "version": "3.1.0",
      "resolved": "https://registry.npmjs.org/touch/-/touch-3.1.0.tgz",
      "integrity": "sha512-WBx8Uy5TLtOSRtIq+M03/sKDrXCLHxwDcquSP2c43Le03/9serjQBIztjRz6FkJez9D/hleyAXTBGLwwZUw9lA==",
      "requires": {
        "nopt": "1.0.10"
      }
    },
    "zepto-touch": {
      "version": "0.0.4",
      "resolved": "https://registry.npmjs.org/zepto-touch/-/zepto-touch-0.0.4.tgz",
      "integrity": "sha1-drov9xQ6r3e1IU6VkpsDa8oCjM0="
    },
    "zepto.js": {
      "version": "1.1.6",
      "resolved": "https://registry.npmjs.org/zepto.js/-/zepto.js-1.1.6.tgz",
      "integrity": "sha1-FD1/mFMXApsRcHESFs9P5MCJ5oo="
    }
  }
}
